<?xml version="1.0" encoding="utf-8"?>
<Project ToolsVersion="4.0" xmlns="http://schemas.microsoft.com/developer/msbuild/2003">
  <ItemGroup>
    <Filter Include="Source Files">
      <UniqueIdentifier>{4FC737F1-C7A5-4376-A066-2A32D752A2FF}</UniqueIdentifier>
      <Extensions>cpp;c;cc;cxx;c++;cppm;ixx;def;odl;idl;hpj;bat;asm;asmx</Extensions>
    </Filter>
    <Filter Include="Header Files">
      <UniqueIdentifier>{93995380-89BD-4b04-88EB-625FBE52EBFB}</UniqueIdentifier>
      <Extensions>h;hh;hpp;hxx;h++;hm;inl;inc;ipp;xsd</Extensions>
    </Filter>
    <Filter Include="Resource Files">
      <UniqueIdentifier>{67DA6AB6-F800-4c08-8B7A-83BB121AAD01}</UniqueIdentifier>
      <Extensions>rc;ico;cur;bmp;dlg;rc2;rct;bin;rgs;gif;jpg;jpeg;jpe;resx;tiff;tif;png;wav;mfcribbon-ms</Extensions>
    </Filter>
  </ItemGroup>
  <ItemGroup>
    <ClInclude Include="userMgr.hpp">
      <Filter>Header Files</Filter>
    </ClInclude>
    <ClInclude Include="order.hpp">
      <Filter>Header Files</Filter>
    </ClInclude>
    <ClInclude Include="orderMgr.hpp">
      <Filter>Header Files</Filter>
    </ClInclude>
    <ClInclude Include="restaurant.hpp">
      <Filter>Header Files</Filter>
    </ClInclude>
    <ClInclude Include="restaurantMgr.hpp">
      <Filter>Header Files</Filter>
    </ClInclude>
    <ClInclude Include="menu.hpp">
      <Filter>Header Files</Filter>
    </ClInclude>
    <ClInclude Include="dish.hpp">
      <Filter>Header Files</Filter>
    </ClInclude>
    <ClInclude Include="deliveryPartner.hpp">
      <Filter>Header Files</Filter>
    </ClInclude>
    <ClInclude Include="dishAddOn.hpp">
      <Filter>Header Files</Filter>
    </ClInclude>
    <ClInclude Include="inotificationSender.hpp">
      <Filter>Header Files</Filter>
    </ClInclude>
    <ClInclude Include="user.hpp">
      <Filter>Header Files</Filter>
    </ClInclude>
    <ClInclude Include="ipartner.hpp">
      <Filter>Header Files</Filter>
    </ClInclude>
    <ClInclude Include="restaurantOwner.hpp">
      <Filter>Header Files</Filter>
    </ClInclude>
    <ClInclude Include="common.hpp">
      <Filter>Header Files</Filter>
    </ClInclude>
    <ClInclude Include="strategyMgr.hpp">
      <Filter>Header Files</Filter>
    </ClInclude>
    <ClInclude Include="deliveryChargeCalculationStrategy.hpp">
      <Filter>Header Files</Filter>
    </ClInclude>
    <ClInclude Include="deliveryMetaData.hpp">
      <Filter>Header Files</Filter>
    </ClInclude>
    <ClInclude Include="ideliveryPartnerMatchingStrategy.hpp">
      <Filter>Header Files</Filter>
    </ClInclude>
    <ClInclude Include="deliveryPartnerMgr.hpp">
      <Filter>Header Files</Filter>
    </ClInclude>
    <ClInclude Include="locBasedDeliveryChargeCalculationStrategy.hpp">
      <Filter>Header Files</Filter>
    </ClInclude>
    <ClInclude Include="smsNotificationSender.hpp">
      <Filter>Header Files</Filter>
    </ClInclude>
    <ClInclude Include="pushNotificationSender.hpp">
      <Filter>Header Files</Filter>
    </ClInclude>
    <ClInclude Include="notificationMgr.hpp">
      <Filter>Header Files</Filter>
    </ClInclude>
    <ClInclude Include="locBasedDeliveryPartnerMatchingStrategy.hpp">
      <Filter>Header Files</Filter>
    </ClInclude>
    <ClInclude Include="deliveryMgr.hpp">
      <Filter>Header Files</Filter>
    </ClInclude>
    <ClInclude Include="foodMgr.hpp">
      <Filter>Header Files</Filter>
    </ClInclude>
  </ItemGroup>
  <ItemGroup>
    <ClCompile Include="swiggy zomato.cpp">
      <Filter>Source Files</Filter>
    </ClCompile>
    <ClCompile Include="userMgr.cpp">
      <Filter>Source Files</Filter>
    </ClCompile>
    <ClCompile Include="restaurantMgr.cpp">
      <Filter>Source Files</Filter>
    </ClCompile>
    <ClCompile Include="deliveryPartnerMgr.cpp">
      <Filter>Source Files</Filter>
    </ClCompile>
    <ClCompile Include="orderMgr.cpp">
      <Filter>Source Files</Filter>
    </ClCompile>
    <ClCompile Include="strategyMgr.cpp">
      <Filter>Source Files</Filter>
    </ClCompile>
    <ClCompile Include="deliveryMgr.cpp">
      <Filter>Source Files</Filter>
    </ClCompile>
    <ClCompile Include="foodMgr.cpp">
      <Filter>Source Files</Filter>
    </ClCompile>
    <ClCompile Include="notificationMgr.cpp">
      <Filter>Source Files</Filter>
    </ClCompile>
  </ItemGroup>
</Project>